<?xml version="1.0" encoding="utf-8"?>
<Project ToolsVersion="4.0" xmlns="http://schemas.microsoft.com/developer/msbuild/2003">
  <ItemGroup>
    <Filter Include="Arquivos de Origem">
      <UniqueIdentifier>{4FC737F1-C7A5-4376-A066-2A32D752A2FF}</UniqueIdentifier>
      <Extensions>cpp;c;cc;cxx;c++;cppm;ixx;def;odl;idl;hpj;bat;asm;asmx</Extensions>
    </Filter>
    <Filter Include="Arquivos de Cabeçalho">
      <UniqueIdentifier>{93995380-89BD-4b04-88EB-625FBE52EBFB}</UniqueIdentifier>
      <Extensions>h;hh;hpp;hxx;h++;hm;inl;inc;ipp;xsd</Extensions>
    </Filter>
    <Filter Include="Arquivos de Recurso">
      <UniqueIdentifier>{67DA6AB6-F800-4c08-8B7A-83BB121AAD01}</UniqueIdentifier>
      <Extensions>rc;ico;cur;bmp;dlg;rc2;rct;bin;rgs;gif;jpg;jpeg;jpe;resx;tiff;tif;png;wav;mfcribbon-ms</Extensions>
    </Filter>
  </ItemGroup>
  <ItemGroup>
    <ClCompile Include="main.cpp">
      <Filter>Arquivos de Recurso</Filter>
    </ClCompile>
    <ClCompile Include="modules\Personagem.cpp">
      <Filter>Arquivos de Origem</Filter>
    </ClCompile>
    <ClCompile Include="modules\Item.cpp">
      <Filter>Arquivos de Origem</Filter>
    </ClCompile>
  </ItemGroup>
  <ItemGroup>
    <ClInclude Include="modules\.env.h">
      <Filter>Arquivos de Cabeçalho</Filter>
    </ClInclude>
    <ClInclude Include="modules\utils.h">
      <Filter>Arquivos de Cabeçalho</Filter>
    </ClInclude>
  </ItemGroup>
  <ItemGroup>
    <Image Include="assets\title.jpg">
      <Filter>Arquivos de Recurso</Filter>
    </Image>
    <Image Include="assets\sprites\personagem\dwarf1.png">
      <Filter>Arquivos de Recurso</Filter>
    </Image>
    <Image Include="assets\sprites\personagem\dwarf2.png">
      <Filter>Arquivos de Recurso</Filter>
    </Image>
    <Image Include="assets\sprites\personagem\dwarf3.png">
      <Filter>Arquivos de Recurso</Filter>
    </Image>
    <Image Include="assets\sprites\personagem\dwarf4.png">
      <Filter>Arquivos de Recurso</Filter>
    </Image>
    <Image Include="assets\sprites\personagem\dwarf5.png">
      <Filter>Arquivos de Recurso</Filter>
    </Image>
    <Image Include="assets\sprites\personagem\dwarf6.png">
      <Filter>Arquivos de Recurso</Filter>
    </Image>
    <Image Include="assets\screens\embatalha.png">
      <Filter>Arquivos de Recurso</Filter>
    </Image>
    <Image Include="assets\screens\personagens1.png">
      <Filter>Arquivos de Recurso</Filter>
    </Image>
    <Image Include="assets\screens\personagens2.png">
      <Filter>Arquivos de Recurso</Filter>
    </Image>
    <Image Include="assets\screens\personagens3.png">
      <Filter>Arquivos de Recurso</Filter>
    </Image>
    <Image Include="assets\screens\personagens4.png">
      <Filter>Arquivos de Recurso</Filter>
    </Image>
    <Image Include="assets\screens\personagens5.png">
      <Filter>Arquivos de Recurso</Filter>
    </Image>
    <Image Include="assets\sprites\armas\armas.png">
      <Filter>Arquivos de Recurso</Filter>
    </Image>
    <Image Include="assets\sprites\personagem\batedor.png">
      <Filter>Arquivos de Recurso</Filter>
    </Image>
    <Image Include="assets\sprites\personagem\engenheiro.png">
      <Filter>Arquivos de Recurso</Filter>
    </Image>
    <Image Include="assets\sprites\personagem\escavador.png">
      <Filter>Arquivos de Recurso</Filter>
    </Image>
    <Image Include="assets\sprites\personagem\guerreiro.png">
      <Filter>Arquivos de Recurso</Filter>
    </Image>
    <Image Include="assets\sprites\personagem\medico.png">
      <Filter>Arquivos de Recurso</Filter>
    </Image>
    <Image Include="assets\sprites\texturas\ground.jpg">
      <Filter>Arquivos de Recurso</Filter>
    </Image>
    <Image Include="assets\sprites\texturas\wall.png">
      <Filter>Arquivos de Recurso</Filter>
    </Image>
    <Image Include="assets\screens\morreu.png">
      <Filter>Arquivos de Recurso</Filter>
    </Image>
    <Image Include="assets\screens\venceu.png">
      <Filter>Arquivos de Recurso</Filter>
    </Image>
    <Image Include="assets\sprites\texturas\grass.png">
      <Filter>Arquivos de Recurso</Filter>
    </Image>
  </ItemGroup>
  <ItemGroup>
    <Media Include="assets\click.wav">
      <Filter>Arquivos de Recurso</Filter>
    </Media>
  </ItemGroup>
  <ItemGroup>
    <None Include=".gitignore" />
  </ItemGroup>
</Project>